
Microsoft Visual Studio Solution File, Format Version 12.00
# Visual Studio 15
VisualStudioVersion = 15.0.28307.705
MinimumVisualStudioVersion = 10.0.40219.1
Project("{888888A0-9F3D-457C-B088-3A5042F75D52}") = "MM1", "MM1\MM1.pyproj", "{9E8ACA1B-0784-48AC-8931-49B10A27BA70}"
EndProject
Global
	GlobalSection(SolutionConfigurationPlatforms) = preSolution
		Debug|Any CPU = Debug|Any CPU
		Release|Any CPU = Release|Any CPU
	EndGlobalSection
	GlobalSection(ProjectConfigurationPlatforms) = postSolution
		{9E8ACA1B-0784-48AC-8931-49B10A27BA70}.Debug|Any CPU.ActiveCfg = Debug|Any CPU
		{9E8ACA1B-0784-48AC-8931-49B10A27BA70}.Release|Any CPU.ActiveCfg = Release|Any CPU
	EndGlobalSection
	GlobalSection(SolutionProperties) = preSolution
		HideSolutionNode = FALSE
	EndGlobalSection
	GlobalSection(ExtensibilityGlobals) = postSolution
		SolutionGuid = {D97A4600-8A9F-4372-8E45-5D37C6335AE2}
	EndGlobalSection
EndGlobal
